
Microsoft Visual Studio Solution File, Format Version 12.00
# Visual Studio Version 16
VisualStudioVersion = 16.0.30717.126
MinimumVisualStudioVersion = 10.0.40219.1
Project("{9A19103F-16F7-4668-BE54-9A1E7A4F7556}") = "eDocGenUI", "eDocGenUI\eDocGenUI.csproj", "{DE0CE4DA-37B4-4CD2-8A8C-C234EEE5E7FE}"
EndProject
Project("{9A19103F-16F7-4668-BE54-9A1E7A4F7556}") = "DataIngestionEngine", "DataIngestionEngine\DataIngestionEngine.csproj", "{24D061D0-AC66-46A2-966A-BEF614101B37}"
EndProject
Project("{9A19103F-16F7-4668-BE54-9A1E7A4F7556}") = "eDocGenEngine", "eDocGenEngine\eDocGenEngine.csproj", "{2BBE6002-19E4-47FA-B363-21FC327C776B}"
EndProject
Project("{9A19103F-16F7-4668-BE54-9A1E7A4F7556}") = "eDocGenLib", "eDocGenLib\eDocGenLib.csproj", "{1A2E5C9F-C328-4AA7-9A07-59FF16FD8B5F}"
EndProject
Project("{9A19103F-16F7-4668-BE54-9A1E7A4F7556}") = "eDocGenAPI", "eDocGenAPI\eDocGenAPI.csproj", "{348257D6-0EAD-46CD-AA89-43BDEE385C87}"
EndProject
Global
	GlobalSection(SolutionConfigurationPlatforms) = preSolution
		Debug|Any CPU = Debug|Any CPU
		Release|Any CPU = Release|Any CPU
	EndGlobalSection
	GlobalSection(ProjectConfigurationPlatforms) = postSolution
		{DE0CE4DA-37B4-4CD2-8A8C-C234EEE5E7FE}.Debug|Any CPU.ActiveCfg = Debug|Any CPU
		{DE0CE4DA-37B4-4CD2-8A8C-C234EEE5E7FE}.Debug|Any CPU.Build.0 = Debug|Any CPU
		{DE0CE4DA-37B4-4CD2-8A8C-C234EEE5E7FE}.Release|Any CPU.ActiveCfg = Release|Any CPU
		{DE0CE4DA-37B4-4CD2-8A8C-C234EEE5E7FE}.Release|Any CPU.Build.0 = Release|Any CPU
		{24D061D0-AC66-46A2-966A-BEF614101B37}.Debug|Any CPU.ActiveCfg = Debug|Any CPU
		{24D061D0-AC66-46A2-966A-BEF614101B37}.Debug|Any CPU.Build.0 = Debug|Any CPU
		{24D061D0-AC66-46A2-966A-BEF614101B37}.Release|Any CPU.ActiveCfg = Release|Any CPU
		{24D061D0-AC66-46A2-966A-BEF614101B37}.Release|Any CPU.Build.0 = Release|Any CPU
		{2BBE6002-19E4-47FA-B363-21FC327C776B}.Debug|Any CPU.ActiveCfg = Debug|Any CPU
		{2BBE6002-19E4-47FA-B363-21FC327C776B}.Debug|Any CPU.Build.0 = Debug|Any CPU
		{2BBE6002-19E4-47FA-B363-21FC327C776B}.Release|Any CPU.ActiveCfg = Release|Any CPU
		{2BBE6002-19E4-47FA-B363-21FC327C776B}.Release|Any CPU.Build.0 = Release|Any CPU
		{1A2E5C9F-C328-4AA7-9A07-59FF16FD8B5F}.Debug|Any CPU.ActiveCfg = Debug|Any CPU
		{1A2E5C9F-C328-4AA7-9A07-59FF16FD8B5F}.Debug|Any CPU.Build.0 = Debug|Any CPU
		{1A2E5C9F-C328-4AA7-9A07-59FF16FD8B5F}.Release|Any CPU.ActiveCfg = Release|Any CPU
		{1A2E5C9F-C328-4AA7-9A07-59FF16FD8B5F}.Release|Any CPU.Build.0 = Release|Any CPU
		{348257D6-0EAD-46CD-AA89-43BDEE385C87}.Debug|Any CPU.ActiveCfg = Debug|Any CPU
		{348257D6-0EAD-46CD-AA89-43BDEE385C87}.Debug|Any CPU.Build.0 = Debug|Any CPU
		{348257D6-0EAD-46CD-AA89-43BDEE385C87}.Release|Any CPU.ActiveCfg = Release|Any CPU
		{348257D6-0EAD-46CD-AA89-43BDEE385C87}.Release|Any CPU.Build.0 = Release|Any CPU
	EndGlobalSection
	GlobalSection(SolutionProperties) = preSolution
		HideSolutionNode = FALSE
	EndGlobalSection
	GlobalSection(ExtensibilityGlobals) = postSolution
		SolutionGuid = {80A49D43-AC9C-4FA5-B1D4-81488EE602DC}
	EndGlobalSection
EndGlobal
